# This file is autogenerated, do not edit; changes may be undone by the next 'dep ensure'.


[[projects]]
  name = "github.com/pkg/errors"
  packages = ["."]
  revision = "645ef00459ed84a119197bfb8d8205042c6df63d"
  version = "v0.8.0"

[[projects]]
  name = "github.com/sirupsen/logrus"
  packages = ["."]
  revision = "f006c2ac4710855cf0f916dd6b77acf6b048dc6e"
  version = "v1.0.3"

[[projects]]
  branch = "master"
  name = "golang.org/x/crypto"
  packages = ["ssh/terminal"]
  revision = "6a293f2d4b14b8e6d3f0539e383f6d0d30fce3fd"

[[projects]]
  branch = "master"
  name = "golang.org/x/sys"
  packages = ["unix","windows"]
  revision = "1e2299c37cc91a509f1b12369872d27be0ce98a6"

[[projects]]
  name = "gopkg.in/gemnasium/logrus-graylog-hook.v2"
  packages = ["."]
  revision = "daf02e0efe6f4dee3f7085184f5d527cf5cf0f6b"
  version = "v2.0.6"

[solve-meta]
  analyzer-name = "dep"
  analyzer-version = 1
  inputs-digest = "36f6e812d6a2a6e5df432b53586dc3ae3d4c58ad633b2834a7fc47df0b038b49"
  solver-name = "gps-cdcl"
  solver-version = 1
